{
  "requires": true,
  "lockfileVersion": 1,
  "dependencies": {
    "archiver": {
      "version": "0.14.4",
      "resolved": "https://registry.npmjs.org/archiver/-/archiver-0.14.4.tgz",
      "integrity": "sha1-W53bn17hzu8hy487Ag5iQOy0MVw=",
      "requires": {
        "async": "~0.9.0",
        "buffer-crc32": "~0.2.1",
        "glob": "~4.3.0",
        "lazystream": "~0.1.0",
        "lodash": "~3.2.0",
        "readable-stream": "~1.0.26",
        "tar-stream": "~1.1.0",
        "zip-stream": "~0.5.0"
      },
      "dependencies": {
        "isarray": {
          "version": "0.0.1",
          "resolved": "https://registry.npmjs.org/isarray/-/isarray-0.0.1.tgz",
          "integrity": "sha1-ihis/Kmo9Bd+Cav8YDiTmwXR7t8="
        },
        "lodash": {
          "version": "3.2.0",
          "resolved": "http://registry.npmjs.org/lodash/-/lodash-3.2.0.tgz",
          "integrity": "sha1-S/UKMkP5rrC6xBpV09WZBnWkYvs="
        },
        "readable-stream": {
          "version": "1.0.34",
          "resolved": "http://registry.npmjs.org/readable-stream/-/readable-stream-1.0.34.tgz",
          "integrity": "sha1-Elgg40vIQtLyqq+v5MKRbuMsFXw=",
          "requires": {
            "core-util-is": "~1.0.0",
            "inherits": "~2.0.1",
            "isarray": "0.0.1",
            "string_decoder": "~0.10.x"
          }
        },
        "string_decoder": {
          "version": "0.10.31",
          "resolved": "https://registry.npmjs.org/string_decoder/-/string_decoder-0.10.31.tgz",
          "integrity": "sha1-YuIDvEF2bGwoyfyEMB2rHFMQ+pQ="
        }
      }
    },
    "async": {
      "version": "0.9.2",
      "resolved": "http://registry.npmjs.org/async/-/async-0.9.2.tgz",
      "integrity": "sha1-rqdNXmHB+JlhO/ZL2mbUx48v0X0="
    },
    "async-limiter": {
      "version": "1.0.0",
      "resolved": "https://registry.npmjs.org/async-limiter/-/async-limiter-1.0.0.tgz",
      "integrity": "sha512-jp/uFnooOiO+L211eZOoSyzpOITMXx1rBITauYykG3BRYPu8h0UcxsPNB04RR5vo4Tyz3+ay17tR6JVf9qzYWg=="
    },
    "balanced-match": {
      "version": "1.0.0",
      "resolved": "https://registry.npmjs.org/balanced-match/-/balanced-match-1.0.0.tgz",
      "integrity": "sha1-ibTRmasr7kneFk6gK4nORi1xt2c="
    },
    "bignumber.js": {
      "version": "4.1.0",
      "resolved": "https://registry.npmjs.org/bignumber.js/-/bignumber.js-4.1.0.tgz",
      "integrity": "sha512-eJzYkFYy9L4JzXsbymsFn3p54D+llV27oTQ+ziJG7WFRheJcNZilgVXMG0LoZtlQSKBsJdWtLFqOD0u+U0jZKA=="
    },
    "binary": {
      "version": "0.3.0",
      "resolved": "https://registry.npmjs.org/binary/-/binary-0.3.0.tgz",
      "integrity": "sha1-n2BVO8XOjDOG87VTz/R0Yq3sqnk=",
      "requires": {
        "buffers": "~0.1.1",
        "chainsaw": "~0.1.0"
      }
    },
    "bl": {
      "version": "0.9.5",
      "resolved": "http://registry.npmjs.org/bl/-/bl-0.9.5.tgz",
      "integrity": "sha1-wGt5evCF6gC8Unr8jvzxHeIjIFQ=",
      "requires": {
        "readable-stream": "~1.0.26"
      },
      "dependencies": {
        "isarray": {
          "version": "0.0.1",
          "resolved": "https://registry.npmjs.org/isarray/-/isarray-0.0.1.tgz",
          "integrity": "sha1-ihis/Kmo9Bd+Cav8YDiTmwXR7t8="
        },
        "readable-stream": {
          "version": "1.0.34",
          "resolved": "http://registry.npmjs.org/readable-stream/-/readable-stream-1.0.34.tgz",
          "integrity": "sha1-Elgg40vIQtLyqq+v5MKRbuMsFXw=",
          "requires": {
            "core-util-is": "~1.0.0",
            "inherits": "~2.0.1",
            "isarray": "0.0.1",
            "string_decoder": "~0.10.x"
          }
        },
        "string_decoder": {
          "version": "0.10.31",
          "resolved": "https://registry.npmjs.org/string_decoder/-/string_decoder-0.10.31.tgz",
          "integrity": "sha1-YuIDvEF2bGwoyfyEMB2rHFMQ+pQ="
        }
      }
    },
    "brace-expansion": {
      "version": "1.1.11",
      "resolved": "https://registry.npmjs.org/brace-expansion/-/brace-expansion-1.1.11.tgz",
      "integrity": "sha512-iCuPHDFgrHX7H2vEI/5xpz07zSHB00TpugqhmYtVmMO6518mCuRMoOYFldEBl0g187ufozdaHgWKcYFb61qGiA==",
      "requires": {
        "balanced-match": "^1.0.0",
        "concat-map": "0.0.1"
      }
    },
    "buffer-crc32": {
      "version": "0.2.13",
      "resolved": "https://registry.npmjs.org/buffer-crc32/-/buffer-crc32-0.2.13.tgz",
      "integrity": "sha1-DTM+PwDqxQqhRUq9MO+MKl2ackI="
    },
    "buffers": {
      "version": "0.1.1",
      "resolved": "https://registry.npmjs.org/buffers/-/buffers-0.1.1.tgz",
      "integrity": "sha1-skV5w77U1tOWru5tmorn9Ugqt7s="
    },
    "chainsaw": {
      "version": "0.1.0",
      "resolved": "https://registry.npmjs.org/chainsaw/-/chainsaw-0.1.0.tgz",
      "integrity": "sha1-XqtQsor+WAdNDVgpE4iCi15fvJg=",
      "requires": {
        "traverse": ">=0.3.0 <0.4"
      }
    },
    "compress-commons": {
      "version": "0.2.9",
      "resolved": "https://registry.npmjs.org/compress-commons/-/compress-commons-0.2.9.tgz",
      "integrity": "sha1-Qi2SdDDAGr0GzUVbbfwEy0z4ADw=",
      "requires": {
        "buffer-crc32": "~0.2.1",
        "crc32-stream": "~0.3.1",
        "node-int64": "~0.3.0",
        "readable-stream": "~1.0.26"
      },
      "dependencies": {
        "isarray": {
          "version": "0.0.1",
          "resolved": "https://registry.npmjs.org/isarray/-/isarray-0.0.1.tgz",
          "integrity": "sha1-ihis/Kmo9Bd+Cav8YDiTmwXR7t8="
        },
        "readable-stream": {
          "version": "1.0.34",
          "resolved": "http://registry.npmjs.org/readable-stream/-/readable-stream-1.0.34.tgz",
          "integrity": "sha1-Elgg40vIQtLyqq+v5MKRbuMsFXw=",
          "requires": {
            "core-util-is": "~1.0.0",
            "inherits": "~2.0.1",
            "isarray": "0.0.1",
            "string_decoder": "~0.10.x"
          }
        },
        "string_decoder": {
          "version": "0.10.31",
          "resolved": "https://registry.npmjs.org/string_decoder/-/string_decoder-0.10.31.tgz",
          "integrity": "sha1-YuIDvEF2bGwoyfyEMB2rHFMQ+pQ="
        }
      }
    },
    "concat-map": {
      "version": "0.0.1",
      "resolved": "https://registry.npmjs.org/concat-map/-/concat-map-0.0.1.tgz",
      "integrity": "sha1-2Klr13/Wjfd5OnMDajug1UBdR3s="
    },
    "convert-to-ecmascript-compatible-varname": {
      "version": "0.1.5",
      "resolved": "https://registry.npmjs.org/convert-to-ecmascript-compatible-varname/-/convert-to-ecmascript-compatible-varname-0.1.5.tgz",
      "integrity": "sha1-9npJOMUjNENWQlBHnGcBS6yHhJk="
    },
    "core-util-is": {
      "version": "1.0.2",
      "resolved": "https://registry.npmjs.org/core-util-is/-/core-util-is-1.0.2.tgz",
      "integrity": "sha1-tf1UIgqivFq1eqtxQMlAdUUDwac="
    },
    "crc32-stream": {
      "version": "0.3.4",
      "resolved": "https://registry.npmjs.org/crc32-stream/-/crc32-stream-0.3.4.tgz",
      "integrity": "sha1-c7wltF+sHbZjIjGnv86JJ+nwZVI=",
      "requires": {
        "buffer-crc32": "~0.2.1",
        "readable-stream": "~1.0.24"
      },
      "dependencies": {
        "isarray": {
          "version": "0.0.1",
          "resolved": "https://registry.npmjs.org/isarray/-/isarray-0.0.1.tgz",
          "integrity": "sha1-ihis/Kmo9Bd+Cav8YDiTmwXR7t8="
        },
        "readable-stream": {
          "version": "1.0.34",
          "resolved": "http://registry.npmjs.org/readable-stream/-/readable-stream-1.0.34.tgz",
          "integrity": "sha1-Elgg40vIQtLyqq+v5MKRbuMsFXw=",
          "requires": {
            "core-util-is": "~1.0.0",
            "inherits": "~2.0.1",
            "isarray": "0.0.1",
            "string_decoder": "~0.10.x"
          }
        },
        "string_decoder": {
          "version": "0.10.31",
          "resolved": "https://registry.npmjs.org/string_decoder/-/string_decoder-0.10.31.tgz",
          "integrity": "sha1-YuIDvEF2bGwoyfyEMB2rHFMQ+pQ="
        }
      }
    },
    "debug": {
      "version": "2.6.9",
      "resolved": "https://registry.npmjs.org/debug/-/debug-2.6.9.tgz",
      "integrity": "sha512-bC7ElrdJaJnPbAP+1EotYvqZsb3ecl5wi6Bfi6BJTUcNowp6cvspg0jXznRTKDjm/E7AdgFBVeAPVMNcKGsHMA==",
      "requires": {
        "ms": "2.0.0"
      }
    },
    "discord.js": {
      "version": "11.4.2",
      "resolved": "https://registry.npmjs.org/discord.js/-/discord.js-11.4.2.tgz",
      "integrity": "sha512-MDwpu0lMFTjqomijDl1Ed9miMQe6kB4ifKdP28QZllmLv/HVOJXhatRgjS8urp/wBlOfx+qAYSXcdI5cKGYsfg==",
      "requires": {
        "long": "^4.0.0",
        "prism-media": "^0.0.3",
        "snekfetch": "^3.6.4",
        "tweetnacl": "^1.0.0",
        "ws": "^4.0.0"
      }
    },
    "end-of-stream": {
      "version": "1.4.1",
      "resolved": "https://registry.npmjs.org/end-of-stream/-/end-of-stream-1.4.1.tgz",
      "integrity": "sha512-1MkrZNvWTKCaigbn+W15elq2BB/L22nqrSY5DKlo3X6+vclJm8Bb5djXJBmEX6fS3+zCh/F4VBK5Z2KxJt4s2Q==",
      "requires": {
        "once": "^1.4.0"
      }
    },
    "fs-extra": {
      "version": "0.10.0",
      "resolved": "http://registry.npmjs.org/fs-extra/-/fs-extra-0.10.0.tgz",
      "integrity": "sha1-mcDsL9XqqtnWRiReSwFLVnKZgq8=",
      "requires": {
        "jsonfile": "^1.2.0",
        "mkdirp": "^0.5.0",
        "ncp": "^0.5.1",
        "rimraf": "^2.2.8"
      }
    },
    "fs.realpath": {
      "version": "1.0.0",
      "resolved": "https://registry.npmjs.org/fs.realpath/-/fs.realpath-1.0.0.tgz",
      "integrity": "sha1-FQStJSMVjKpA20onh8sBQRmU6k8="
    },
    "fstream": {
      "version": "0.1.31",
      "resolved": "https://registry.npmjs.org/fstream/-/fstream-0.1.31.tgz",
      "integrity": "sha1-czfwWPu7vvqMn1YaKMqwhJICyYg=",
      "requires": {
        "graceful-fs": "~3.0.2",
        "inherits": "~2.0.0",
        "mkdirp": "0.5",
        "rimraf": "2"
      }
    },
    "glob": {
      "version": "4.3.5",
      "resolved": "https://registry.npmjs.org/glob/-/glob-4.3.5.tgz",
      "integrity": "sha1-gPuwjKVA8jiszl0R0em8QedRc9M=",
      "requires": {
        "inflight": "^1.0.4",
        "inherits": "2",
        "minimatch": "^2.0.1",
        "once": "^1.3.0"
      }
    },
    "graceful-fs": {
      "version": "3.0.11",
      "resolved": "http://registry.npmjs.org/graceful-fs/-/graceful-fs-3.0.11.tgz",
      "integrity": "sha1-dhPHeKGv6mLyXGMKCG1/Osu92Bg=",
      "requires": {
        "natives": "^1.1.0"
      }
    },
    "hat": {
      "version": "0.0.3",
      "resolved": "https://registry.npmjs.org/hat/-/hat-0.0.3.tgz",
      "integrity": "sha1-uwFKnmSzeIrtgAWRdBPU/z1QLYo="
    },
    "inflight": {
      "version": "1.0.6",
      "resolved": "https://registry.npmjs.org/inflight/-/inflight-1.0.6.tgz",
      "integrity": "sha1-Sb1jMdfQLQwJvJEKEHW6gWW1bfk=",
      "requires": {
        "once": "^1.3.0",
        "wrappy": "1"
      }
    },
    "inherits": {
      "version": "2.0.3",
      "resolved": "https://registry.npmjs.org/inherits/-/inherits-2.0.3.tgz",
      "integrity": "sha1-Yzwsg+PaQqUC9SRmAiSA9CCCYd4="
    },
    "isarray": {
      "version": "1.0.0",
      "resolved": "https://registry.npmjs.org/isarray/-/isarray-1.0.0.tgz",
      "integrity": "sha1-u5NdSFgsuhaMBoNJV6VKPgcSTxE="
    },
    "jsonfile": {
      "version": "1.2.0",
      "resolved": "http://registry.npmjs.org/jsonfile/-/jsonfile-1.2.0.tgz",
      "integrity": "sha1-XzXWzZ+Ubsl7Wxg1P6nljfG4b2o="
    },
    "lazystream": {
      "version": "0.1.0",
      "resolved": "https://registry.npmjs.org/lazystream/-/lazystream-0.1.0.tgz",
      "integrity": "sha1-GyXWPHcqTCDwpe0KnXf0hLbhaSA=",
      "requires": {
        "readable-stream": "~1.0.2"
      },
      "dependencies": {
        "isarray": {
          "version": "0.0.1",
          "resolved": "https://registry.npmjs.org/isarray/-/isarray-0.0.1.tgz",
          "integrity": "sha1-ihis/Kmo9Bd+Cav8YDiTmwXR7t8="
        },
        "readable-stream": {
          "version": "1.0.34",
          "resolved": "http://registry.npmjs.org/readable-stream/-/readable-stream-1.0.34.tgz",
          "integrity": "sha1-Elgg40vIQtLyqq+v5MKRbuMsFXw=",
          "requires": {
            "core-util-is": "~1.0.0",
            "inherits": "~2.0.1",
            "isarray": "0.0.1",
            "string_decoder": "~0.10.x"
          }
        },
        "string_decoder": {
          "version": "0.10.31",
          "resolved": "https://registry.npmjs.org/string_decoder/-/string_decoder-0.10.31.tgz",
          "integrity": "sha1-YuIDvEF2bGwoyfyEMB2rHFMQ+pQ="
        }
      }
    },
    "lodash": {
      "version": "3.10.1",
      "resolved": "http://registry.npmjs.org/lodash/-/lodash-3.10.1.tgz",
      "integrity": "sha1-W/Rejkm6QYnhfUgnid/RW9FAt7Y="
    },
    "long": {
      "version": "4.0.0",
      "resolved": "https://registry.npmjs.org/long/-/long-4.0.0.tgz",
      "integrity": "sha512-XsP+KhQif4bjX1kbuSiySJFNAehNxgLb6hPRGJ9QsUr8ajHkuXGdrHmFUTUUXhDwVX2R5bY4JNZEwbUiMhV+MA=="
    },
    "machine": {
      "version": "10.4.0",
      "resolved": "https://registry.npmjs.org/machine/-/machine-10.4.0.tgz",
      "integrity": "sha1-m1Ys5GeCEzKCijd9GQ65NrTkB7I=",
      "requires": {
        "convert-to-ecmascript-compatible-varname": "^0.1.0",
        "debug": "^2.1.1",
        "lodash": "^3.8.0",
        "object-hash": "~0.3.0",
        "rttc": "^7.2.1",
        "switchback": "^2.0.0"
      }
    },
    "machinepack-fs": {
      "version": "2.3.0",
      "resolved": "https://registry.npmjs.org/machinepack-fs/-/machinepack-fs-2.3.0.tgz",
      "integrity": "sha1-g9hSzffvqDcXTjh7eXIk1pKUE+c=",
      "requires": {
        "async": "^0.9.0",
        "fs-extra": "~0.10.0",
        "lodash": "^2.4.1",
        "machine": "^4.0.0",
        "machinepack-util": "^0.7.0",
        "walker": "~1.0.6"
      },
      "dependencies": {
        "lodash": {
          "version": "2.4.2",
          "resolved": "http://registry.npmjs.org/lodash/-/lodash-2.4.2.tgz",
          "integrity": "sha1-+t2DS5aDBz2hebPq5tnA0VBT9z4="
        },
        "machine": {
          "version": "4.1.1",
          "resolved": "https://registry.npmjs.org/machine/-/machine-4.1.1.tgz",
          "integrity": "sha1-7y7KudSqwtvDl4UCl4o25x/ln9c=",
          "requires": {
            "convert-to-ecmascript-compatible-varname": "^0.1.0",
            "debug": "^2.1.1",
            "lodash": "~2.4.1",
            "object-hash": "~0.3.0",
            "rttc": "^1.0.2",
            "switchback": "^1.1.3"
          }
        },
        "rttc": {
          "version": "1.0.2",
          "resolved": "https://registry.npmjs.org/rttc/-/rttc-1.0.2.tgz",
          "integrity": "sha1-TTZCjpUoQrJ0P6cC5PVhoi9kje8=",
          "requires": {
            "lodash": "~2.4.1"
          }
        },
        "switchback": {
          "version": "1.1.3",
          "resolved": "https://registry.npmjs.org/switchback/-/switchback-1.1.3.tgz",
          "integrity": "sha1-EscBCTSNailvc5upEO64U/i25jE=",
          "requires": {
            "lodash": "~2.4.1"
          }
        }
      }
    },
    "machinepack-util": {
      "version": "0.7.24",
      "resolved": "https://registry.npmjs.org/machinepack-util/-/machinepack-util-0.7.24.tgz",
      "integrity": "sha1-rSeeA0F44FFI2LqpfoVFZwtEaRs=",
      "requires": {
        "hat": "0.0.3",
        "lodash": "^2.4.1",
        "machine": "^2.0.4"
      },
      "dependencies": {
        "lodash": {
          "version": "2.4.2",
          "resolved": "http://registry.npmjs.org/lodash/-/lodash-2.4.2.tgz",
          "integrity": "sha1-+t2DS5aDBz2hebPq5tnA0VBT9z4="
        },
        "machine": {
          "version": "2.0.6",
          "resolved": "https://registry.npmjs.org/machine/-/machine-2.0.6.tgz",
          "integrity": "sha1-pO3cp6zoy6I8KYdI0oov70z3myM=",
          "requires": {
            "convert-to-ecmascript-compatible-varname": "^0.1.0",
            "debug": "^2.1.1",
            "lodash": "~2.4.1",
            "object-hash": "~0.3.0",
            "rttc": "^1.0.0",
            "switchback": "~1.1.0"
          }
        },
        "rttc": {
          "version": "1.0.2",
          "resolved": "https://registry.npmjs.org/rttc/-/rttc-1.0.2.tgz",
          "integrity": "sha1-TTZCjpUoQrJ0P6cC5PVhoi9kje8=",
          "requires": {
            "lodash": "~2.4.1"
          }
        },
        "switchback": {
          "version": "1.1.3",
          "resolved": "https://registry.npmjs.org/switchback/-/switchback-1.1.3.tgz",
          "integrity": "sha1-EscBCTSNailvc5upEO64U/i25jE=",
          "requires": {
            "lodash": "~2.4.1"
          }
        }
      }
    },
    "machinepack-zip": {
      "version": "1.1.0",
      "resolved": "https://registry.npmjs.org/machinepack-zip/-/machinepack-zip-1.1.0.tgz",
      "integrity": "sha1-EudG7AHyChDHVnN49ZgMXqRvLdE=",
      "requires": {
        "archiver": "^0.14.2",
        "lodash": "^3.2.0",
        "machine": "^10.3.1",
        "machinepack-fs": "^2.1.0",
        "unzip": "^0.1.11"
      }
    },
    "makeerror": {
      "version": "1.0.11",
      "resolved": "https://registry.npmjs.org/makeerror/-/makeerror-1.0.11.tgz",
      "integrity": "sha1-4BpckQnyr3lmDk6LlYd5AYT1qWw=",
      "requires": {
        "tmpl": "1.0.x"
      }
    },
    "match-stream": {
      "version": "0.0.2",
      "resolved": "https://registry.npmjs.org/match-stream/-/match-stream-0.0.2.tgz",
      "integrity": "sha1-mesFAJOzTf+t5CG5rAtBCpz6F88=",
      "requires": {
        "buffers": "~0.1.1",
        "readable-stream": "~1.0.0"
      },
      "dependencies": {
        "isarray": {
          "version": "0.0.1",
          "resolved": "https://registry.npmjs.org/isarray/-/isarray-0.0.1.tgz",
          "integrity": "sha1-ihis/Kmo9Bd+Cav8YDiTmwXR7t8="
        },
        "readable-stream": {
          "version": "1.0.34",
          "resolved": "http://registry.npmjs.org/readable-stream/-/readable-stream-1.0.34.tgz",
          "integrity": "sha1-Elgg40vIQtLyqq+v5MKRbuMsFXw=",
          "requires": {
            "core-util-is": "~1.0.0",
            "inherits": "~2.0.1",
            "isarray": "0.0.1",
            "string_decoder": "~0.10.x"
          }
        },
        "string_decoder": {
          "version": "0.10.31",
          "resolved": "https://registry.npmjs.org/string_decoder/-/string_decoder-0.10.31.tgz",
          "integrity": "sha1-YuIDvEF2bGwoyfyEMB2rHFMQ+pQ="
        }
      }
    },
    "minimatch": {
      "version": "2.0.10",
      "resolved": "https://registry.npmjs.org/minimatch/-/minimatch-2.0.10.tgz",
      "integrity": "sha1-jQh8OcazjAAbl/ynzm0OHoCvusc=",
      "requires": {
        "brace-expansion": "^1.0.0"
      }
    },
    "minimist": {
      "version": "0.0.8",
      "resolved": "http://registry.npmjs.org/minimist/-/minimist-0.0.8.tgz",
      "integrity": "sha1-hX/Kv8M5fSYluCKCYuhqp6ARsF0="
    },
    "mkdirp": {
      "version": "0.5.1",
      "resolved": "http://registry.npmjs.org/mkdirp/-/mkdirp-0.5.1.tgz",
      "integrity": "sha1-MAV0OOrGz3+MR2fzhkjWaX11yQM=",
      "requires": {
        "minimist": "0.0.8"
      }
    },
    "ms": {
      "version": "2.0.0",
      "resolved": "https://registry.npmjs.org/ms/-/ms-2.0.0.tgz",
      "integrity": "sha1-VgiurfwAvmwpAd9fmGF4jeDVl8g="
    },
    "mysql": {
      "version": "2.16.0",
      "resolved": "https://registry.npmjs.org/mysql/-/mysql-2.16.0.tgz",
      "integrity": "sha512-dPbN2LHonQp7D5ja5DJXNbCLe/HRdu+f3v61aguzNRQIrmZLOeRoymBYyeThrR6ug+FqzDL95Gc9maqZUJS+Gw==",
      "requires": {
        "bignumber.js": "4.1.0",
        "readable-stream": "2.3.6",
        "safe-buffer": "5.1.2",
        "sqlstring": "2.3.1"
      }
    },
    "mysql-server": {
      "version": "1.0.5",
      "resolved": "https://registry.npmjs.org/mysql-server/-/mysql-server-1.0.5.tgz",
      "integrity": "sha1-9emuy8FEegRh2JfGEU+FlNNnZDg=",
      "requires": {
        "machinepack-zip": "^1.1.0"
      }
    },
    "natives": {
      "version": "1.1.6",
      "resolved": "https://registry.npmjs.org/natives/-/natives-1.1.6.tgz",
      "integrity": "sha512-6+TDFewD4yxY14ptjKaS63GVdtKiES1pTPyxn9Jb0rBqPMZ7VcCiooEhPNsr+mqHtMGxa/5c/HhcC4uPEUw/nA=="
    },
    "ncp": {
      "version": "0.5.1",
      "resolved": "http://registry.npmjs.org/ncp/-/ncp-0.5.1.tgz",
      "integrity": "sha1-dDmFMW49tFkoG1hxaehFc1oFQ58="
    },
    "node-int64": {
      "version": "0.3.3",
      "resolved": "https://registry.npmjs.org/node-int64/-/node-int64-0.3.3.tgz",
      "integrity": "sha1-LW5rLs5d6FiLQ9iNG8QbJs0fqE0="
    },
    "object-hash": {
      "version": "0.3.0",
      "resolved": "http://registry.npmjs.org/object-hash/-/object-hash-0.3.0.tgz",
      "integrity": "sha1-VIII5Ds2pE5NowutbFasU7iF50Q="
    },
    "once": {
      "version": "1.4.0",
      "resolved": "https://registry.npmjs.org/once/-/once-1.4.0.tgz",
      "integrity": "sha1-WDsap3WWHUsROsF9nFC6753Xa9E=",
      "requires": {
        "wrappy": "1"
      }
    },
    "over": {
      "version": "0.0.5",
      "resolved": "https://registry.npmjs.org/over/-/over-0.0.5.tgz",
      "integrity": "sha1-8phS5w/X4l82DgE6jsRMgq7bVwg="
    },
    "path-is-absolute": {
      "version": "1.0.1",
      "resolved": "http://registry.npmjs.org/path-is-absolute/-/path-is-absolute-1.0.1.tgz",
      "integrity": "sha1-F0uSaHNVNP+8es5r9TpanhtcX18="
    },
    "prism-media": {
      "version": "0.0.3",
      "resolved": "https://registry.npmjs.org/prism-media/-/prism-media-0.0.3.tgz",
      "integrity": "sha512-c9KkNifSMU/iXT8FFTaBwBMr+rdVcN+H/uNv1o+CuFeTThNZNTOrQ+RgXA1yL/DeLk098duAeRPP3QNPNbhxYQ=="
    },
    "process-nextick-args": {
      "version": "2.0.0",
      "resolved": "https://registry.npmjs.org/process-nextick-args/-/process-nextick-args-2.0.0.tgz",
      "integrity": "sha512-MtEC1TqN0EU5nephaJ4rAtThHtC86dNN9qCuEhtshvpVBkAW5ZO7BASN9REnF9eoXGcRub+pFuKEpOHE+HbEMw=="
    },
    "pullstream": {
      "version": "0.4.1",
      "resolved": "https://registry.npmjs.org/pullstream/-/pullstream-0.4.1.tgz",
      "integrity": "sha1-1vs79a7Wl+gxFQ6xACwlo/iuExQ=",
      "requires": {
        "over": ">= 0.0.5 < 1",
        "readable-stream": "~1.0.31",
        "setimmediate": ">= 1.0.2 < 2",
        "slice-stream": ">= 1.0.0 < 2"
      },
      "dependencies": {
        "isarray": {
          "version": "0.0.1",
          "resolved": "https://registry.npmjs.org/isarray/-/isarray-0.0.1.tgz",
          "integrity": "sha1-ihis/Kmo9Bd+Cav8YDiTmwXR7t8="
        },
        "readable-stream": {
          "version": "1.0.34",
          "resolved": "http://registry.npmjs.org/readable-stream/-/readable-stream-1.0.34.tgz",
          "integrity": "sha1-Elgg40vIQtLyqq+v5MKRbuMsFXw=",
          "requires": {
            "core-util-is": "~1.0.0",
            "inherits": "~2.0.1",
            "isarray": "0.0.1",
            "string_decoder": "~0.10.x"
          }
        },
        "string_decoder": {
          "version": "0.10.31",
          "resolved": "https://registry.npmjs.org/string_decoder/-/string_decoder-0.10.31.tgz",
          "integrity": "sha1-YuIDvEF2bGwoyfyEMB2rHFMQ+pQ="
        }
      }
    },
    "readable-stream": {
      "version": "2.3.6",
      "resolved": "http://registry.npmjs.org/readable-stream/-/readable-stream-2.3.6.tgz",
      "integrity": "sha512-tQtKA9WIAhBF3+VLAseyMqZeBjW0AHJoxOtYqSUZNJxauErmLbVm2FW1y+J/YA9dUrAC39ITejlZWhVIwawkKw==",
      "requires": {
        "core-util-is": "~1.0.0",
        "inherits": "~2.0.3",
        "isarray": "~1.0.0",
        "process-nextick-args": "~2.0.0",
        "safe-buffer": "~5.1.1",
        "string_decoder": "~1.1.1",
        "util-deprecate": "~1.0.1"
      }
    },
    "rimraf": {
      "version": "2.6.2",
      "resolved": "https://registry.npmjs.org/rimraf/-/rimraf-2.6.2.tgz",
      "integrity": "sha512-lreewLK/BlghmxtfH36YYVg1i8IAce4TI7oao75I1g245+6BctqTVQiBP3YUJ9C6DQOXJmkYR9X9fCLtCOJc5w==",
      "requires": {
        "glob": "^7.0.5"
      },
      "dependencies": {
        "glob": {
          "version": "7.1.3",
          "resolved": "https://registry.npmjs.org/glob/-/glob-7.1.3.tgz",
          "integrity": "sha512-vcfuiIxogLV4DlGBHIUOwI0IbrJ8HWPc4MU7HzviGeNho/UJDfi6B5p3sHeWIQ0KGIU0Jpxi5ZHxemQfLkkAwQ==",
          "requires": {
            "fs.realpath": "^1.0.0",
            "inflight": "^1.0.4",
            "inherits": "2",
            "minimatch": "^3.0.4",
            "once": "^1.3.0",
            "path-is-absolute": "^1.0.0"
          }
        },
        "minimatch": {
          "version": "3.0.4",
          "resolved": "https://registry.npmjs.org/minimatch/-/minimatch-3.0.4.tgz",
          "integrity": "sha512-yJHVQEhyqPLUTgt9B83PXu6W3rx4MvvHvSUvToogpwoGDOUQ+yDrR0HRot+yOCdCO7u4hX3pWft6kWBBcqh0UA==",
          "requires": {
            "brace-expansion": "^1.1.7"
          }
        }
      }
    },
    "rttc": {
      "version": "7.4.0",
      "resolved": "https://registry.npmjs.org/rttc/-/rttc-7.4.0.tgz",
      "integrity": "sha1-vJys1Grdkj3rYklaAZNOt+9hn7Q=",
      "requires": {
        "lodash": "^3.8.0"
      }
    },
    "safe-buffer": {
      "version": "5.1.2",
      "resolved": "https://registry.npmjs.org/safe-buffer/-/safe-buffer-5.1.2.tgz",
      "integrity": "sha512-Gd2UZBJDkXlY7GbJxfsE8/nvKkUEU1G38c1siN6QP6a9PT9MmHB8GnpscSmMJSoF8LOIrt8ud/wPtojys4G6+g=="
    },
    "setimmediate": {
      "version": "1.0.5",
      "resolved": "https://registry.npmjs.org/setimmediate/-/setimmediate-1.0.5.tgz",
      "integrity": "sha1-KQy7Iy4waULX1+qbg3Mqt4VvgoU="
    },
    "slice-stream": {
      "version": "1.0.0",
      "resolved": "https://registry.npmjs.org/slice-stream/-/slice-stream-1.0.0.tgz",
      "integrity": "sha1-WzO9ZvATsaf4ZGCwPUY97DmtPqA=",
      "requires": {
        "readable-stream": "~1.0.31"
      },
      "dependencies": {
        "isarray": {
          "version": "0.0.1",
          "resolved": "https://registry.npmjs.org/isarray/-/isarray-0.0.1.tgz",
          "integrity": "sha1-ihis/Kmo9Bd+Cav8YDiTmwXR7t8="
        },
        "readable-stream": {
          "version": "1.0.34",
          "resolved": "http://registry.npmjs.org/readable-stream/-/readable-stream-1.0.34.tgz",
          "integrity": "sha1-Elgg40vIQtLyqq+v5MKRbuMsFXw=",
          "requires": {
            "core-util-is": "~1.0.0",
            "inherits": "~2.0.1",
            "isarray": "0.0.1",
            "string_decoder": "~0.10.x"
          }
        },
        "string_decoder": {
          "version": "0.10.31",
          "resolved": "https://registry.npmjs.org/string_decoder/-/string_decoder-0.10.31.tgz",
          "integrity": "sha1-YuIDvEF2bGwoyfyEMB2rHFMQ+pQ="
        }
      }
    },
    "snekfetch": {
      "version": "3.6.4",
      "resolved": "https://registry.npmjs.org/snekfetch/-/snekfetch-3.6.4.tgz",
      "integrity": "sha512-NjxjITIj04Ffqid5lqr7XdgwM7X61c/Dns073Ly170bPQHLm6jkmelye/eglS++1nfTWktpP6Y2bFXjdPlQqdw=="
    },
    "sqlstring": {
      "version": "2.3.1",
      "resolved": "https://registry.npmjs.org/sqlstring/-/sqlstring-2.3.1.tgz",
      "integrity": "sha1-R1OT/56RR5rqYtyvDKPRSYOn+0A="
    },
    "string_decoder": {
      "version": "1.1.1",
      "resolved": "https://registry.npmjs.org/string_decoder/-/string_decoder-1.1.1.tgz",
      "integrity": "sha512-n/ShnvDi6FHbbVfviro+WojiFzv+s8MPMHBczVePfUpDJLwoLT0ht1l4YwBCbi8pJAveEEdnkHyPyTP/mzRfwg==",
      "requires": {
        "safe-buffer": "~5.1.0"
      }
    },
    "switchback": {
      "version": "2.0.2",
      "resolved": "https://registry.npmjs.org/switchback/-/switchback-2.0.2.tgz",
      "integrity": "sha1-ls8ODTY7VZ0Lt/8htip6qRDsYHk=",
      "requires": {
        "lodash": "3.10.1"
      }
    },
    "tar-stream": {
      "version": "1.1.5",
      "resolved": "http://registry.npmjs.org/tar-stream/-/tar-stream-1.1.5.tgz",
      "integrity": "sha1-vpIYwTDCACnhB7D5Z/sj3gV50Tw=",
      "requires": {
        "bl": "^0.9.0",
        "end-of-stream": "^1.0.0",
        "readable-stream": "~1.0.33",
        "xtend": "^4.0.0"
      },
      "dependencies": {
        "isarray": {
          "version": "0.0.1",
          "resolved": "https://registry.npmjs.org/isarray/-/isarray-0.0.1.tgz",
          "integrity": "sha1-ihis/Kmo9Bd+Cav8YDiTmwXR7t8="
        },
        "readable-stream": {
          "version": "1.0.34",
          "resolved": "http://registry.npmjs.org/readable-stream/-/readable-stream-1.0.34.tgz",
          "integrity": "sha1-Elgg40vIQtLyqq+v5MKRbuMsFXw=",
          "requires": {
            "core-util-is": "~1.0.0",
            "inherits": "~2.0.1",
            "isarray": "0.0.1",
            "string_decoder": "~0.10.x"
          }
        },
        "string_decoder": {
          "version": "0.10.31",
          "resolved": "https://registry.npmjs.org/string_decoder/-/string_decoder-0.10.31.tgz",
          "integrity": "sha1-YuIDvEF2bGwoyfyEMB2rHFMQ+pQ="
        }
      }
    },
    "tmpl": {
      "version": "1.0.4",
      "resolved": "https://registry.npmjs.org/tmpl/-/tmpl-1.0.4.tgz",
      "integrity": "sha1-I2QN17QtAEM5ERQIIOXPRA5SHdE="
    },
    "traverse": {
      "version": "0.3.9",
      "resolved": "https://registry.npmjs.org/traverse/-/traverse-0.3.9.tgz",
      "integrity": "sha1-cXuPIgzAu3tE5AUUwisui7xw2Lk="
    },
    "tweetnacl": {
      "version": "1.0.0",
      "resolved": "https://registry.npmjs.org/tweetnacl/-/tweetnacl-1.0.0.tgz",
      "integrity": "sha1-cT2LgY2kIGh0C/aDhtBHnmb8ins="
    },
    "unzip": {
      "version": "0.1.11",
      "resolved": "https://registry.npmjs.org/unzip/-/unzip-0.1.11.tgz",
      "integrity": "sha1-iXScY7BY19kNYZ+GuYqhU107l/A=",
      "requires": {
        "binary": ">= 0.3.0 < 1",
        "fstream": ">= 0.1.30 < 1",
        "match-stream": ">= 0.0.2 < 1",
        "pullstream": ">= 0.4.1 < 1",
        "readable-stream": "~1.0.31",
        "setimmediate": ">= 1.0.1 < 2"
      },
      "dependencies": {
        "isarray": {
          "version": "0.0.1",
          "resolved": "https://registry.npmjs.org/isarray/-/isarray-0.0.1.tgz",
          "integrity": "sha1-ihis/Kmo9Bd+Cav8YDiTmwXR7t8="
        },
        "readable-stream": {
          "version": "1.0.34",
          "resolved": "http://registry.npmjs.org/readable-stream/-/readable-stream-1.0.34.tgz",
          "integrity": "sha1-Elgg40vIQtLyqq+v5MKRbuMsFXw=",
          "requires": {
            "core-util-is": "~1.0.0",
            "inherits": "~2.0.1",
            "isarray": "0.0.1",
            "string_decoder": "~0.10.x"
          }
        },
        "string_decoder": {
          "version": "0.10.31",
          "resolved": "https://registry.npmjs.org/string_decoder/-/string_decoder-0.10.31.tgz",
          "integrity": "sha1-YuIDvEF2bGwoyfyEMB2rHFMQ+pQ="
        }
      }
    },
    "util-deprecate": {
      "version": "1.0.2",
      "resolved": "https://registry.npmjs.org/util-deprecate/-/util-deprecate-1.0.2.tgz",
      "integrity": "sha1-RQ1Nyfpw3nMnYvvS1KKJgUGaDM8="
    },
    "walker": {
      "version": "1.0.7",
      "resolved": "https://registry.npmjs.org/walker/-/walker-1.0.7.tgz",
      "integrity": "sha1-L3+bj9ENZ3JisYqITijRlhjgKPs=",
      "requires": {
        "makeerror": "1.0.x"
      }
    },
    "wrappy": {
      "version": "1.0.2",
      "resolved": "https://registry.npmjs.org/wrappy/-/wrappy-1.0.2.tgz",
      "integrity": "sha1-tSQ9jz7BqjXxNkYFvA0QNuMKtp8="
    },
    "ws": {
      "version": "4.1.0",
      "resolved": "http://registry.npmjs.org/ws/-/ws-4.1.0.tgz",
      "integrity": "sha512-ZGh/8kF9rrRNffkLFV4AzhvooEclrOH0xaugmqGsIfFgOE/pIz4fMc4Ef+5HSQqTEug2S9JZIWDR47duDSLfaA==",
      "requires": {
        "async-limiter": "~1.0.0",
        "safe-buffer": "~5.1.0"
      }
    },
    "xtend": {
      "version": "4.0.1",
      "resolved": "https://registry.npmjs.org/xtend/-/xtend-4.0.1.tgz",
      "integrity": "sha1-pcbVMr5lbiPbgg77lDofBJmNY68="
    },
    "zip-stream": {
      "version": "0.5.2",
      "resolved": "https://registry.npmjs.org/zip-stream/-/zip-stream-0.5.2.tgz",
      "integrity": "sha1-Mty8UG0Nq00hNyYlvX66rDwv/1Y=",
      "requires": {
        "compress-commons": "~0.2.0",
        "lodash": "~3.2.0",
        "readable-stream": "~1.0.26"
      },
      "dependencies": {
        "isarray": {
          "version": "0.0.1",
          "resolved": "https://registry.npmjs.org/isarray/-/isarray-0.0.1.tgz",
          "integrity": "sha1-ihis/Kmo9Bd+Cav8YDiTmwXR7t8="
        },
        "lodash": {
          "version": "3.2.0",
          "resolved": "http://registry.npmjs.org/lodash/-/lodash-3.2.0.tgz",
          "integrity": "sha1-S/UKMkP5rrC6xBpV09WZBnWkYvs="
        },
        "readable-stream": {
          "version": "1.0.34",
          "resolved": "http://registry.npmjs.org/readable-stream/-/readable-stream-1.0.34.tgz",
          "integrity": "sha1-Elgg40vIQtLyqq+v5MKRbuMsFXw=",
          "requires": {
            "core-util-is": "~1.0.0",
            "inherits": "~2.0.1",
            "isarray": "0.0.1",
            "string_decoder": "~0.10.x"
          }
        },
        "string_decoder": {
          "version": "0.10.31",
          "resolved": "https://registry.npmjs.org/string_decoder/-/string_decoder-0.10.31.tgz",
          "integrity": "sha1-YuIDvEF2bGwoyfyEMB2rHFMQ+pQ="
        }
      }
    }
  }
}
